<Solution>
  <Folder Name="/Engine/">
    <Project Path="SimpleChess.Engine.Tests/SimpleChess.Engine.Tests.csproj" />
    <Project Path="SimpleChess.Engine/SimpleChess.Engine.csproj" />
  </Folder>
  <Folder Name="/State/">
    <Project Path="SimpleChess.State.Tests\SimpleChess.State.Tests.csproj" />
    <Project Path="SimpleChess.State\SimpleChess.State.csproj" />
  </Folder>
</Solution>
